
Microsoft Visual Studio Solution File, Format Version 12.00
# Visual Studio 15
VisualStudioVersion = 15.0.28307.757
MinimumVisualStudioVersion = 10.0.40219.1
Project("{2150E333-8FDC-42A3-9474-1A3956D46DE8}") = "Apps", "Apps", "{45A0F897-31F5-4804-A129-F99DA062A8F0}"
EndProject
Project("{9A19103F-16F7-4668-BE54-9A1E7A4F7556}") = "NightMates.Mobile", "Apps\NightMates.Mobile\NightMates.Mobile.csproj", "{C042DA3F-E320-404B-A0BB-6D55851EB469}"
EndProject
Project("{FAE04EC0-301F-11D3-BF4B-00C04F79EFBC}") = "NightMates.Mobile.Android", "Apps\NightMates.Mobile.Android\NightMates.Mobile.Android.csproj", "{68CC82EF-F847-4575-BBF6-26EA3CF10087}"
EndProject
Project("{FAE04EC0-301F-11D3-BF4B-00C04F79EFBC}") = "NightMates.Mobile.iOS", "Apps\NightMates.Mobile.iOS\NightMates.Mobile.iOS.csproj", "{4B6485F9-A8AD-4955-9248-2D8CF2C647A5}"
EndProject
Project("{FAE04EC0-301F-11D3-BF4B-00C04F79EFBC}") = "NightMates.Mobile.UWP", "Apps\NightMates.Mobile.UWP\NightMates.Mobile.UWP.csproj", "{62F5BAB0-E4C8-440B-95CE-91AD696B4BC0}"
EndProject
Project("{2150E333-8FDC-42A3-9474-1A3956D46DE8}") = "Components", "Components", "{1F23946E-647A-4F52-985B-B24F8EAB5AEB}"
EndProject
Global
	GlobalSection(SolutionConfigurationPlatforms) = preSolution
		Ad-Hoc|Any CPU = Ad-Hoc|Any CPU
		Ad-Hoc|ARM = Ad-Hoc|ARM
		Ad-Hoc|iPhone = Ad-Hoc|iPhone
		Ad-Hoc|iPhoneSimulator = Ad-Hoc|iPhoneSimulator
		Ad-Hoc|x64 = Ad-Hoc|x64
		Ad-Hoc|x86 = Ad-Hoc|x86
		AppStore|Any CPU = AppStore|Any CPU
		AppStore|ARM = AppStore|ARM
		AppStore|iPhone = AppStore|iPhone
		AppStore|iPhoneSimulator = AppStore|iPhoneSimulator
		AppStore|x64 = AppStore|x64
		AppStore|x86 = AppStore|x86
		Debug|Any CPU = Debug|Any CPU
		Debug|ARM = Debug|ARM
		Debug|iPhone = Debug|iPhone
		Debug|iPhoneSimulator = Debug|iPhoneSimulator
		Debug|x64 = Debug|x64
		Debug|x86 = Debug|x86
		Release|Any CPU = Release|Any CPU
		Release|ARM = Release|ARM
		Release|iPhone = Release|iPhone
		Release|iPhoneSimulator = Release|iPhoneSimulator
		Release|x64 = Release|x64
		Release|x86 = Release|x86
	EndGlobalSection
	GlobalSection(ProjectConfigurationPlatforms) = postSolution
		{C042DA3F-E320-404B-A0BB-6D55851EB469}.Ad-Hoc|Any CPU.ActiveCfg = Debug|Any CPU
		{C042DA3F-E320-404B-A0BB-6D55851EB469}.Ad-Hoc|Any CPU.Build.0 = Debug|Any CPU
		{C042DA3F-E320-404B-A0BB-6D55851EB469}.Ad-Hoc|ARM.ActiveCfg = Debug|Any CPU
		{C042DA3F-E320-404B-A0BB-6D55851EB469}.Ad-Hoc|ARM.Build.0 = Debug|Any CPU
		{C042DA3F-E320-404B-A0BB-6D55851EB469}.Ad-Hoc|iPhone.ActiveCfg = Debug|Any CPU
		{C042DA3F-E320-404B-A0BB-6D55851EB469}.Ad-Hoc|iPhone.Build.0 = Debug|Any CPU
		{C042DA3F-E320-404B-A0BB-6D55851EB469}.Ad-Hoc|iPhoneSimulator.ActiveCfg = Debug|Any CPU
		{C042DA3F-E320-404B-A0BB-6D55851EB469}.Ad-Hoc|iPhoneSimulator.Build.0 = Debug|Any CPU
		{C042DA3F-E320-404B-A0BB-6D55851EB469}.Ad-Hoc|x64.ActiveCfg = Debug|Any CPU
		{C042DA3F-E320-404B-A0BB-6D55851EB469}.Ad-Hoc|x64.Build.0 = Debug|Any CPU
		{C042DA3F-E320-404B-A0BB-6D55851EB469}.Ad-Hoc|x86.ActiveCfg = Debug|Any CPU
		{C042DA3F-E320-404B-A0BB-6D55851EB469}.Ad-Hoc|x86.Build.0 = Debug|Any CPU
		{C042DA3F-E320-404B-A0BB-6D55851EB469}.AppStore|Any CPU.ActiveCfg = Debug|Any CPU
		{C042DA3F-E320-404B-A0BB-6D55851EB469}.AppStore|Any CPU.Build.0 = Debug|Any CPU
		{C042DA3F-E320-404B-A0BB-6D55851EB469}.AppStore|ARM.ActiveCfg = Debug|Any CPU
		{C042DA3F-E320-404B-A0BB-6D55851EB469}.AppStore|ARM.Build.0 = Debug|Any CPU
		{C042DA3F-E320-404B-A0BB-6D55851EB469}.AppStore|iPhone.ActiveCfg = Debug|Any CPU
		{C042DA3F-E320-404B-A0BB-6D55851EB469}.AppStore|iPhone.Build.0 = Debug|Any CPU
		{C042DA3F-E320-404B-A0BB-6D55851EB469}.AppStore|iPhoneSimulator.ActiveCfg = Debug|Any CPU
		{C042DA3F-E320-404B-A0BB-6D55851EB469}.AppStore|iPhoneSimulator.Build.0 = Debug|Any CPU
		{C042DA3F-E320-404B-A0BB-6D55851EB469}.AppStore|x64.ActiveCfg = Debug|Any CPU
		{C042DA3F-E320-404B-A0BB-6D55851EB469}.AppStore|x64.Build.0 = Debug|Any CPU
		{C042DA3F-E320-404B-A0BB-6D55851EB469}.AppStore|x86.ActiveCfg = Debug|Any CPU
		{C042DA3F-E320-404B-A0BB-6D55851EB469}.AppStore|x86.Build.0 = Debug|Any CPU
		{C042DA3F-E320-404B-A0BB-6D55851EB469}.Debug|Any CPU.ActiveCfg = Debug|Any CPU
		{C042DA3F-E320-404B-A0BB-6D55851EB469}.Debug|Any CPU.Build.0 = Debug|Any CPU
		{C042DA3F-E320-404B-A0BB-6D55851EB469}.Debug|ARM.ActiveCfg = Debug|Any CPU
		{C042DA3F-E320-404B-A0BB-6D55851EB469}.Debug|ARM.Build.0 = Debug|Any CPU
		{C042DA3F-E320-404B-A0BB-6D55851EB469}.Debug|iPhone.ActiveCfg = Debug|Any CPU
		{C042DA3F-E320-404B-A0BB-6D55851EB469}.Debug|iPhone.Build.0 = Debug|Any CPU
		{C042DA3F-E320-404B-A0BB-6D55851EB469}.Debug|iPhoneSimulator.ActiveCfg = Debug|Any CPU
		{C042DA3F-E320-404B-A0BB-6D55851EB469}.Debug|iPhoneSimulator.Build.0 = Debug|Any CPU
		{C042DA3F-E320-404B-A0BB-6D55851EB469}.Debug|x64.ActiveCfg = Debug|Any CPU
		{C042DA3F-E320-404B-A0BB-6D55851EB469}.Debug|x64.Build.0 = Debug|Any CPU
		{C042DA3F-E320-404B-A0BB-6D55851EB469}.Debug|x86.ActiveCfg = Debug|Any CPU
		{C042DA3F-E320-404B-A0BB-6D55851EB469}.Debug|x86.Build.0 = Debug|Any CPU
		{C042DA3F-E320-404B-A0BB-6D55851EB469}.Release|Any CPU.ActiveCfg = Release|Any CPU
		{C042DA3F-E320-404B-A0BB-6D55851EB469}.Release|Any CPU.Build.0 = Release|Any CPU
		{C042DA3F-E320-404B-A0BB-6D55851EB469}.Release|ARM.ActiveCfg = Release|Any CPU
		{C042DA3F-E320-404B-A0BB-6D55851EB469}.Release|ARM.Build.0 = Release|Any CPU
		{C042DA3F-E320-404B-A0BB-6D55851EB469}.Release|iPhone.ActiveCfg = Release|Any CPU
		{C042DA3F-E320-404B-A0BB-6D55851EB469}.Release|iPhone.Build.0 = Release|Any CPU
		{C042DA3F-E320-404B-A0BB-6D55851EB469}.Release|iPhoneSimulator.ActiveCfg = Release|Any CPU
		{C042DA3F-E320-404B-A0BB-6D55851EB469}.Release|iPhoneSimulator.Build.0 = Release|Any CPU
		{C042DA3F-E320-404B-A0BB-6D55851EB469}.Release|x64.ActiveCfg = Release|Any CPU
		{C042DA3F-E320-404B-A0BB-6D55851EB469}.Release|x64.Build.0 = Release|Any CPU
		{C042DA3F-E320-404B-A0BB-6D55851EB469}.Release|x86.ActiveCfg = Release|Any CPU
		{C042DA3F-E320-404B-A0BB-6D55851EB469}.Release|x86.Build.0 = Release|Any CPU
		{68CC82EF-F847-4575-BBF6-26EA3CF10087}.Ad-Hoc|Any CPU.ActiveCfg = Release|Any CPU
		{68CC82EF-F847-4575-BBF6-26EA3CF10087}.Ad-Hoc|Any CPU.Build.0 = Release|Any CPU
		{68CC82EF-F847-4575-BBF6-26EA3CF10087}.Ad-Hoc|Any CPU.Deploy.0 = Release|Any CPU
		{68CC82EF-F847-4575-BBF6-26EA3CF10087}.Ad-Hoc|ARM.ActiveCfg = Release|Any CPU
		{68CC82EF-F847-4575-BBF6-26EA3CF10087}.Ad-Hoc|ARM.Build.0 = Release|Any CPU
		{68CC82EF-F847-4575-BBF6-26EA3CF10087}.Ad-Hoc|ARM.Deploy.0 = Release|Any CPU
		{68CC82EF-F847-4575-BBF6-26EA3CF10087}.Ad-Hoc|iPhone.ActiveCfg = Release|Any CPU
		{68CC82EF-F847-4575-BBF6-26EA3CF10087}.Ad-Hoc|iPhone.Build.0 = Release|Any CPU
		{68CC82EF-F847-4575-BBF6-26EA3CF10087}.Ad-Hoc|iPhone.Deploy.0 = Release|Any CPU
		{68CC82EF-F847-4575-BBF6-26EA3CF10087}.Ad-Hoc|iPhoneSimulator.ActiveCfg = Release|Any CPU
		{68CC82EF-F847-4575-BBF6-26EA3CF10087}.Ad-Hoc|iPhoneSimulator.Build.0 = Release|Any CPU
		{68CC82EF-F847-4575-BBF6-26EA3CF10087}.Ad-Hoc|iPhoneSimulator.Deploy.0 = Release|Any CPU
		{68CC82EF-F847-4575-BBF6-26EA3CF10087}.Ad-Hoc|x64.ActiveCfg = Release|Any CPU
		{68CC82EF-F847-4575-BBF6-26EA3CF10087}.Ad-Hoc|x64.Build.0 = Release|Any CPU
		{68CC82EF-F847-4575-BBF6-26EA3CF10087}.Ad-Hoc|x64.Deploy.0 = Release|Any CPU
		{68CC82EF-F847-4575-BBF6-26EA3CF10087}.Ad-Hoc|x86.ActiveCfg = Release|Any CPU
		{68CC82EF-F847-4575-BBF6-26EA3CF10087}.Ad-Hoc|x86.Build.0 = Release|Any CPU
		{68CC82EF-F847-4575-BBF6-26EA3CF10087}.Ad-Hoc|x86.Deploy.0 = Release|Any CPU
		{68CC82EF-F847-4575-BBF6-26EA3CF10087}.AppStore|Any CPU.ActiveCfg = Release|Any CPU
		{68CC82EF-F847-4575-BBF6-26EA3CF10087}.AppStore|Any CPU.Build.0 = Release|Any CPU
		{68CC82EF-F847-4575-BBF6-26EA3CF10087}.AppStore|Any CPU.Deploy.0 = Release|Any CPU
		{68CC82EF-F847-4575-BBF6-26EA3CF10087}.AppStore|ARM.ActiveCfg = Release|Any CPU
		{68CC82EF-F847-4575-BBF6-26EA3CF10087}.AppStore|ARM.Build.0 = Release|Any CPU
		{68CC82EF-F847-4575-BBF6-26EA3CF10087}.AppStore|ARM.Deploy.0 = Release|Any CPU
		{68CC82EF-F847-4575-BBF6-26EA3CF10087}.AppStore|iPhone.ActiveCfg = Release|Any CPU
		{68CC82EF-F847-4575-BBF6-26EA3CF10087}.AppStore|iPhone.Build.0 = Release|Any CPU
		{68CC82EF-F847-4575-BBF6-26EA3CF10087}.AppStore|iPhone.Deploy.0 = Release|Any CPU
		{68CC82EF-F847-4575-BBF6-26EA3CF10087}.AppStore|iPhoneSimulator.ActiveCfg = Release|Any CPU
		{68CC82EF-F847-4575-BBF6-26EA3CF10087}.AppStore|iPhoneSimulator.Build.0 = Release|Any CPU
		{68CC82EF-F847-4575-BBF6-26EA3CF10087}.AppStore|iPhoneSimulator.Deploy.0 = Release|Any CPU
		{68CC82EF-F847-4575-BBF6-26EA3CF10087}.AppStore|x64.ActiveCfg = Release|Any CPU
		{68CC82EF-F847-4575-BBF6-26EA3CF10087}.AppStore|x64.Build.0 = Release|Any CPU
		{68CC82EF-F847-4575-BBF6-26EA3CF10087}.AppStore|x64.Deploy.0 = Release|Any CPU
		{68CC82EF-F847-4575-BBF6-26EA3CF10087}.AppStore|x86.ActiveCfg = Release|Any CPU
		{68CC82EF-F847-4575-BBF6-26EA3CF10087}.AppStore|x86.Build.0 = Release|Any CPU
		{68CC82EF-F847-4575-BBF6-26EA3CF10087}.AppStore|x86.Deploy.0 = Release|Any CPU
		{68CC82EF-F847-4575-BBF6-26EA3CF10087}.Debug|Any CPU.ActiveCfg = Debug|Any CPU
		{68CC82EF-F847-4575-BBF6-26EA3CF10087}.Debug|Any CPU.Build.0 = Debug|Any CPU
		{68CC82EF-F847-4575-BBF6-26EA3CF10087}.Debug|Any CPU.Deploy.0 = Debug|Any CPU
		{68CC82EF-F847-4575-BBF6-26EA3CF10087}.Debug|ARM.ActiveCfg = Debug|Any CPU
		{68CC82EF-F847-4575-BBF6-26EA3CF10087}.Debug|ARM.Build.0 = Debug|Any CPU
		{68CC82EF-F847-4575-BBF6-26EA3CF10087}.Debug|ARM.Deploy.0 = Debug|Any CPU
		{68CC82EF-F847-4575-BBF6-26EA3CF10087}.Debug|iPhone.ActiveCfg = Debug|Any CPU
		{68CC82EF-F847-4575-BBF6-26EA3CF10087}.Debug|iPhone.Build.0 = Debug|Any CPU
		{68CC82EF-F847-4575-BBF6-26EA3CF10087}.Debug|iPhone.Deploy.0 = Debug|Any CPU
		{68CC82EF-F847-4575-BBF6-26EA3CF10087}.Debug|iPhoneSimulator.ActiveCfg = Debug|Any CPU
		{68CC82EF-F847-4575-BBF6-26EA3CF10087}.Debug|iPhoneSimulator.Build.0 = Debug|Any CPU
		{68CC82EF-F847-4575-BBF6-26EA3CF10087}.Debug|iPhoneSimulator.Deploy.0 = Debug|Any CPU
		{68CC82EF-F847-4575-BBF6-26EA3CF10087}.Debug|x64.ActiveCfg = Debug|Any CPU
		{68CC82EF-F847-4575-BBF6-26EA3CF10087}.Debug|x64.Build.0 = Debug|Any CPU
		{68CC82EF-F847-4575-BBF6-26EA3CF10087}.Debug|x64.Deploy.0 = Debug|Any CPU
		{68CC82EF-F847-4575-BBF6-26EA3CF10087}.Debug|x86.ActiveCfg = Debug|Any CPU
		{68CC82EF-F847-4575-BBF6-26EA3CF10087}.Debug|x86.Build.0 = Debug|Any CPU
		{68CC82EF-F847-4575-BBF6-26EA3CF10087}.Debug|x86.Deploy.0 = Debug|Any CPU
		{68CC82EF-F847-4575-BBF6-26EA3CF10087}.Release|Any CPU.ActiveCfg = Release|Any CPU
		{68CC82EF-F847-4575-BBF6-26EA3CF10087}.Release|Any CPU.Build.0 = Release|Any CPU
		{68CC82EF-F847-4575-BBF6-26EA3CF10087}.Release|Any CPU.Deploy.0 = Release|Any CPU
		{68CC82EF-F847-4575-BBF6-26EA3CF10087}.Release|ARM.ActiveCfg = Release|Any CPU
		{68CC82EF-F847-4575-BBF6-26EA3CF10087}.Release|ARM.Build.0 = Release|Any CPU
		{68CC82EF-F847-4575-BBF6-26EA3CF10087}.Release|ARM.Deploy.0 = Release|Any CPU
		{68CC82EF-F847-4575-BBF6-26EA3CF10087}.Release|iPhone.ActiveCfg = Release|Any CPU
		{68CC82EF-F847-4575-BBF6-26EA3CF10087}.Release|iPhone.Build.0 = Release|Any CPU
		{68CC82EF-F847-4575-BBF6-26EA3CF10087}.Release|iPhone.Deploy.0 = Release|Any CPU
		{68CC82EF-F847-4575-BBF6-26EA3CF10087}.Release|iPhoneSimulator.ActiveCfg = Release|Any CPU
		{68CC82EF-F847-4575-BBF6-26EA3CF10087}.Release|iPhoneSimulator.Build.0 = Release|Any CPU
		{68CC82EF-F847-4575-BBF6-26EA3CF10087}.Release|iPhoneSimulator.Deploy.0 = Release|Any CPU
		{68CC82EF-F847-4575-BBF6-26EA3CF10087}.Release|x64.ActiveCfg = Release|Any CPU
		{68CC82EF-F847-4575-BBF6-26EA3CF10087}.Release|x64.Build.0 = Release|Any CPU
		{68CC82EF-F847-4575-BBF6-26EA3CF10087}.Release|x64.Deploy.0 = Release|Any CPU
		{68CC82EF-F847-4575-BBF6-26EA3CF10087}.Release|x86.ActiveCfg = Release|Any CPU
		{68CC82EF-F847-4575-BBF6-26EA3CF10087}.Release|x86.Build.0 = Release|Any CPU
		{68CC82EF-F847-4575-BBF6-26EA3CF10087}.Release|x86.Deploy.0 = Release|Any CPU
		{4B6485F9-A8AD-4955-9248-2D8CF2C647A5}.Ad-Hoc|Any CPU.ActiveCfg = Ad-Hoc|iPhone
		{4B6485F9-A8AD-4955-9248-2D8CF2C647A5}.Ad-Hoc|ARM.ActiveCfg = Ad-Hoc|iPhone
		{4B6485F9-A8AD-4955-9248-2D8CF2C647A5}.Ad-Hoc|iPhone.ActiveCfg = Ad-Hoc|iPhone
		{4B6485F9-A8AD-4955-9248-2D8CF2C647A5}.Ad-Hoc|iPhone.Build.0 = Ad-Hoc|iPhone
		{4B6485F9-A8AD-4955-9248-2D8CF2C647A5}.Ad-Hoc|iPhoneSimulator.ActiveCfg = Ad-Hoc|iPhoneSimulator
		{4B6485F9-A8AD-4955-9248-2D8CF2C647A5}.Ad-Hoc|iPhoneSimulator.Build.0 = Ad-Hoc|iPhoneSimulator
		{4B6485F9-A8AD-4955-9248-2D8CF2C647A5}.Ad-Hoc|x64.ActiveCfg = Ad-Hoc|iPhone
		{4B6485F9-A8AD-4955-9248-2D8CF2C647A5}.Ad-Hoc|x86.ActiveCfg = Ad-Hoc|iPhone
		{4B6485F9-A8AD-4955-9248-2D8CF2C647A5}.AppStore|Any CPU.ActiveCfg = AppStore|iPhone
		{4B6485F9-A8AD-4955-9248-2D8CF2C647A5}.AppStore|ARM.ActiveCfg = AppStore|iPhone
		{4B6485F9-A8AD-4955-9248-2D8CF2C647A5}.AppStore|iPhone.ActiveCfg = AppStore|iPhone
		{4B6485F9-A8AD-4955-9248-2D8CF2C647A5}.AppStore|iPhone.Build.0 = AppStore|iPhone
		{4B6485F9-A8AD-4955-9248-2D8CF2C647A5}.AppStore|iPhoneSimulator.ActiveCfg = AppStore|iPhoneSimulator
		{4B6485F9-A8AD-4955-9248-2D8CF2C647A5}.AppStore|iPhoneSimulator.Build.0 = AppStore|iPhoneSimulator
		{4B6485F9-A8AD-4955-9248-2D8CF2C647A5}.AppStore|x64.ActiveCfg = AppStore|iPhone
		{4B6485F9-A8AD-4955-9248-2D8CF2C647A5}.AppStore|x86.ActiveCfg = AppStore|iPhone
		{4B6485F9-A8AD-4955-9248-2D8CF2C647A5}.Debug|Any CPU.ActiveCfg = Debug|iPhone
		{4B6485F9-A8AD-4955-9248-2D8CF2C647A5}.Debug|ARM.ActiveCfg = Debug|iPhone
		{4B6485F9-A8AD-4955-9248-2D8CF2C647A5}.Debug|iPhone.ActiveCfg = Debug|iPhone
		{4B6485F9-A8AD-4955-9248-2D8CF2C647A5}.Debug|iPhone.Build.0 = Debug|iPhone
		{4B6485F9-A8AD-4955-9248-2D8CF2C647A5}.Debug|iPhoneSimulator.ActiveCfg = Debug|iPhoneSimulator
		{4B6485F9-A8AD-4955-9248-2D8CF2C647A5}.Debug|iPhoneSimulator.Build.0 = Debug|iPhoneSimulator
		{4B6485F9-A8AD-4955-9248-2D8CF2C647A5}.Debug|x64.ActiveCfg = Debug|iPhone
		{4B6485F9-A8AD-4955-9248-2D8CF2C647A5}.Debug|x86.ActiveCfg = Debug|iPhone
		{4B6485F9-A8AD-4955-9248-2D8CF2C647A5}.Release|Any CPU.ActiveCfg = Release|iPhone
		{4B6485F9-A8AD-4955-9248-2D8CF2C647A5}.Release|ARM.ActiveCfg = Release|iPhone
		{4B6485F9-A8AD-4955-9248-2D8CF2C647A5}.Release|iPhone.ActiveCfg = Release|iPhone
		{4B6485F9-A8AD-4955-9248-2D8CF2C647A5}.Release|iPhone.Build.0 = Release|iPhone
		{4B6485F9-A8AD-4955-9248-2D8CF2C647A5}.Release|iPhoneSimulator.ActiveCfg = Release|iPhoneSimulator
		{4B6485F9-A8AD-4955-9248-2D8CF2C647A5}.Release|iPhoneSimulator.Build.0 = Release|iPhoneSimulator
		{4B6485F9-A8AD-4955-9248-2D8CF2C647A5}.Release|x64.ActiveCfg = Release|iPhone
		{4B6485F9-A8AD-4955-9248-2D8CF2C647A5}.Release|x86.ActiveCfg = Release|iPhone
		{62F5BAB0-E4C8-440B-95CE-91AD696B4BC0}.Ad-Hoc|Any CPU.ActiveCfg = Release|x86
		{62F5BAB0-E4C8-440B-95CE-91AD696B4BC0}.Ad-Hoc|Any CPU.Build.0 = Release|x86
		{62F5BAB0-E4C8-440B-95CE-91AD696B4BC0}.Ad-Hoc|Any CPU.Deploy.0 = Release|x86
		{62F5BAB0-E4C8-440B-95CE-91AD696B4BC0}.Ad-Hoc|ARM.ActiveCfg = Release|ARM
		{62F5BAB0-E4C8-440B-95CE-91AD696B4BC0}.Ad-Hoc|ARM.Build.0 = Release|ARM
		{62F5BAB0-E4C8-440B-95CE-91AD696B4BC0}.Ad-Hoc|ARM.Deploy.0 = Release|ARM
		{62F5BAB0-E4C8-440B-95CE-91AD696B4BC0}.Ad-Hoc|iPhone.ActiveCfg = Release|x86
		{62F5BAB0-E4C8-440B-95CE-91AD696B4BC0}.Ad-Hoc|iPhone.Build.0 = Release|x86
		{62F5BAB0-E4C8-440B-95CE-91AD696B4BC0}.Ad-Hoc|iPhone.Deploy.0 = Release|x86
		{62F5BAB0-E4C8-440B-95CE-91AD696B4BC0}.Ad-Hoc|iPhoneSimulator.ActiveCfg = Release|x86
		{62F5BAB0-E4C8-440B-95CE-91AD696B4BC0}.Ad-Hoc|iPhoneSimulator.Build.0 = Release|x86
		{62F5BAB0-E4C8-440B-95CE-91AD696B4BC0}.Ad-Hoc|iPhoneSimulator.Deploy.0 = Release|x86
		{62F5BAB0-E4C8-440B-95CE-91AD696B4BC0}.Ad-Hoc|x64.ActiveCfg = Release|x64
		{62F5BAB0-E4C8-440B-95CE-91AD696B4BC0}.Ad-Hoc|x64.Build.0 = Release|x64
		{62F5BAB0-E4C8-440B-95CE-91AD696B4BC0}.Ad-Hoc|x64.Deploy.0 = Release|x64
		{62F5BAB0-E4C8-440B-95CE-91AD696B4BC0}.Ad-Hoc|x86.ActiveCfg = Release|x86
		{62F5BAB0-E4C8-440B-95CE-91AD696B4BC0}.Ad-Hoc|x86.Build.0 = Release|x86
		{62F5BAB0-E4C8-440B-95CE-91AD696B4BC0}.Ad-Hoc|x86.Deploy.0 = Release|x86
		{62F5BAB0-E4C8-440B-95CE-91AD696B4BC0}.AppStore|Any CPU.ActiveCfg = Release|x86
		{62F5BAB0-E4C8-440B-95CE-91AD696B4BC0}.AppStore|Any CPU.Build.0 = Release|x86
		{62F5BAB0-E4C8-440B-95CE-91AD696B4BC0}.AppStore|Any CPU.Deploy.0 = Release|x86
		{62F5BAB0-E4C8-440B-95CE-91AD696B4BC0}.AppStore|ARM.ActiveCfg = Release|ARM
		{62F5BAB0-E4C8-440B-95CE-91AD696B4BC0}.AppStore|ARM.Build.0 = Release|ARM
		{62F5BAB0-E4C8-440B-95CE-91AD696B4BC0}.AppStore|ARM.Deploy.0 = Release|ARM
		{62F5BAB0-E4C8-440B-95CE-91AD696B4BC0}.AppStore|iPhone.ActiveCfg = Release|x86
		{62F5BAB0-E4C8-440B-95CE-91AD696B4BC0}.AppStore|iPhone.Build.0 = Release|x86
		{62F5BAB0-E4C8-440B-95CE-91AD696B4BC0}.AppStore|iPhone.Deploy.0 = Release|x86
		{62F5BAB0-E4C8-440B-95CE-91AD696B4BC0}.AppStore|iPhoneSimulator.ActiveCfg = Release|x86
		{62F5BAB0-E4C8-440B-95CE-91AD696B4BC0}.AppStore|iPhoneSimulator.Build.0 = Release|x86
		{62F5BAB0-E4C8-440B-95CE-91AD696B4BC0}.AppStore|iPhoneSimulator.Deploy.0 = Release|x86
		{62F5BAB0-E4C8-440B-95CE-91AD696B4BC0}.AppStore|x64.ActiveCfg = Release|x64
		{62F5BAB0-E4C8-440B-95CE-91AD696B4BC0}.AppStore|x64.Build.0 = Release|x64
		{62F5BAB0-E4C8-440B-95CE-91AD696B4BC0}.AppStore|x64.Deploy.0 = Release|x64
		{62F5BAB0-E4C8-440B-95CE-91AD696B4BC0}.AppStore|x86.ActiveCfg = Release|x86
		{62F5BAB0-E4C8-440B-95CE-91AD696B4BC0}.AppStore|x86.Build.0 = Release|x86
		{62F5BAB0-E4C8-440B-95CE-91AD696B4BC0}.AppStore|x86.Deploy.0 = Release|x86
		{62F5BAB0-E4C8-440B-95CE-91AD696B4BC0}.Debug|Any CPU.ActiveCfg = Debug|x86
		{62F5BAB0-E4C8-440B-95CE-91AD696B4BC0}.Debug|ARM.ActiveCfg = Debug|ARM
		{62F5BAB0-E4C8-440B-95CE-91AD696B4BC0}.Debug|ARM.Build.0 = Debug|ARM
		{62F5BAB0-E4C8-440B-95CE-91AD696B4BC0}.Debug|ARM.Deploy.0 = Debug|ARM
		{62F5BAB0-E4C8-440B-95CE-91AD696B4BC0}.Debug|iPhone.ActiveCfg = Debug|x86
		{62F5BAB0-E4C8-440B-95CE-91AD696B4BC0}.Debug|iPhoneSimulator.ActiveCfg = Debug|x86
		{62F5BAB0-E4C8-440B-95CE-91AD696B4BC0}.Debug|x64.ActiveCfg = Debug|x64
		{62F5BAB0-E4C8-440B-95CE-91AD696B4BC0}.Debug|x64.Build.0 = Debug|x64
		{62F5BAB0-E4C8-440B-95CE-91AD696B4BC0}.Debug|x64.Deploy.0 = Debug|x64
		{62F5BAB0-E4C8-440B-95CE-91AD696B4BC0}.Debug|x86.ActiveCfg = Debug|x86
		{62F5BAB0-E4C8-440B-95CE-91AD696B4BC0}.Debug|x86.Build.0 = Debug|x86
		{62F5BAB0-E4C8-440B-95CE-91AD696B4BC0}.Debug|x86.Deploy.0 = Debug|x86
		{62F5BAB0-E4C8-440B-95CE-91AD696B4BC0}.Release|Any CPU.ActiveCfg = Release|x86
		{62F5BAB0-E4C8-440B-95CE-91AD696B4BC0}.Release|ARM.ActiveCfg = Release|ARM
		{62F5BAB0-E4C8-440B-95CE-91AD696B4BC0}.Release|ARM.Build.0 = Release|ARM
		{62F5BAB0-E4C8-440B-95CE-91AD696B4BC0}.Release|ARM.Deploy.0 = Release|ARM
		{62F5BAB0-E4C8-440B-95CE-91AD696B4BC0}.Release|iPhone.ActiveCfg = Release|x86
		{62F5BAB0-E4C8-440B-95CE-91AD696B4BC0}.Release|iPhoneSimulator.ActiveCfg = Release|x86
		{62F5BAB0-E4C8-440B-95CE-91AD696B4BC0}.Release|x64.ActiveCfg = Release|x64
		{62F5BAB0-E4C8-440B-95CE-91AD696B4BC0}.Release|x64.Build.0 = Release|x64
		{62F5BAB0-E4C8-440B-95CE-91AD696B4BC0}.Release|x64.Deploy.0 = Release|x64
		{62F5BAB0-E4C8-440B-95CE-91AD696B4BC0}.Release|x86.ActiveCfg = Release|x86
		{62F5BAB0-E4C8-440B-95CE-91AD696B4BC0}.Release|x86.Build.0 = Release|x86
		{62F5BAB0-E4C8-440B-95CE-91AD696B4BC0}.Release|x86.Deploy.0 = Release|x86
	EndGlobalSection
	GlobalSection(SolutionProperties) = preSolution
		HideSolutionNode = FALSE
	EndGlobalSection
	GlobalSection(NestedProjects) = preSolution
		{C042DA3F-E320-404B-A0BB-6D55851EB469} = {45A0F897-31F5-4804-A129-F99DA062A8F0}
		{68CC82EF-F847-4575-BBF6-26EA3CF10087} = {45A0F897-31F5-4804-A129-F99DA062A8F0}
		{4B6485F9-A8AD-4955-9248-2D8CF2C647A5} = {45A0F897-31F5-4804-A129-F99DA062A8F0}
		{62F5BAB0-E4C8-440B-95CE-91AD696B4BC0} = {45A0F897-31F5-4804-A129-F99DA062A8F0}
	EndGlobalSection
	GlobalSection(ExtensibilityGlobals) = postSolution
		SolutionGuid = {9D22AACF-B5FA-4D11-84A3-A09165FA1FDC}
	EndGlobalSection
EndGlobal
